
Microsoft Visual Studio Solution File, Format Version 12.00
# Visual Studio 15
Project("{FAE04EC0-301F-11D3-BF4B-00C04F79EFBC}") = "Assembly-CSharp", "Assembly-CSharp.csproj", "{F7A1FA56-82C3-AA7C-862A-135174249EC3}"
EndProject
Project("{FAE04EC0-301F-11D3-BF4B-00C04F79EFBC}") = "Assembly-CSharp-Editor-firstpass", "Assembly-CSharp-Editor-firstpass.csproj", "{4306C867-7AF6-804A-9E24-9AEB6E7F797F}"
EndProject
Global
	GlobalSection(SolutionConfigurationPlatforms) = preSolution
		Debug|Any CPU = Debug|Any CPU
		Release|Any CPU = Release|Any CPU
	EndGlobalSection
	GlobalSection(ProjectConfigurationPlatforms) = postSolution
		{F7A1FA56-82C3-AA7C-862A-135174249EC3}.Debug|Any CPU.ActiveCfg = Debug|Any CPU
		{F7A1FA56-82C3-AA7C-862A-135174249EC3}.Debug|Any CPU.Build.0 = Debug|Any CPU
		{F7A1FA56-82C3-AA7C-862A-135174249EC3}.Release|Any CPU.ActiveCfg = Release|Any CPU
		{F7A1FA56-82C3-AA7C-862A-135174249EC3}.Release|Any CPU.Build.0 = Release|Any CPU
		{4306C867-7AF6-804A-9E24-9AEB6E7F797F}.Debug|Any CPU.ActiveCfg = Debug|Any CPU
		{4306C867-7AF6-804A-9E24-9AEB6E7F797F}.Debug|Any CPU.Build.0 = Debug|Any CPU
		{4306C867-7AF6-804A-9E24-9AEB6E7F797F}.Release|Any CPU.ActiveCfg = Release|Any CPU
		{4306C867-7AF6-804A-9E24-9AEB6E7F797F}.Release|Any CPU.Build.0 = Release|Any CPU
	EndGlobalSection
	GlobalSection(SolutionProperties) = preSolution
		HideSolutionNode = FALSE
	EndGlobalSection
EndGlobal
