
Microsoft Visual Studio Solution File, Format Version 12.00
# Visual Studio 15
Project("{FAE04EC0-301F-11D3-BF4B-00C04F79EFBC}") = "NavMeshComponents", "NavMeshComponents.csproj", "{9E2AE150-CBF7-BBDA-E442-B2AE94BDC9F7}"
EndProject
Project("{FAE04EC0-301F-11D3-BF4B-00C04F79EFBC}") = "Assembly-CSharp", "Assembly-CSharp.csproj", "{F7A1FA56-82C3-AA7C-862A-135174249EC3}"
EndProject
Project("{FAE04EC0-301F-11D3-BF4B-00C04F79EFBC}") = "NavMeshComponentsEditor", "NavMeshComponentsEditor.csproj", "{4C25C7D0-3CA5-DD53-1EEB-00C81FA25699}"
EndProject
Global
	GlobalSection(SolutionConfigurationPlatforms) = preSolution
		Debug|Any CPU = Debug|Any CPU
		Release|Any CPU = Release|Any CPU
	EndGlobalSection
	GlobalSection(ProjectConfigurationPlatforms) = postSolution
		{9E2AE150-CBF7-BBDA-E442-B2AE94BDC9F7}.Debug|Any CPU.ActiveCfg = Debug|Any CPU
		{9E2AE150-CBF7-BBDA-E442-B2AE94BDC9F7}.Debug|Any CPU.Build.0 = Debug|Any CPU
		{9E2AE150-CBF7-BBDA-E442-B2AE94BDC9F7}.Release|Any CPU.ActiveCfg = Release|Any CPU
		{9E2AE150-CBF7-BBDA-E442-B2AE94BDC9F7}.Release|Any CPU.Build.0 = Release|Any CPU
		{F7A1FA56-82C3-AA7C-862A-135174249EC3}.Debug|Any CPU.ActiveCfg = Debug|Any CPU
		{F7A1FA56-82C3-AA7C-862A-135174249EC3}.Debug|Any CPU.Build.0 = Debug|Any CPU
		{F7A1FA56-82C3-AA7C-862A-135174249EC3}.Release|Any CPU.ActiveCfg = Release|Any CPU
		{F7A1FA56-82C3-AA7C-862A-135174249EC3}.Release|Any CPU.Build.0 = Release|Any CPU
		{4C25C7D0-3CA5-DD53-1EEB-00C81FA25699}.Debug|Any CPU.ActiveCfg = Debug|Any CPU
		{4C25C7D0-3CA5-DD53-1EEB-00C81FA25699}.Debug|Any CPU.Build.0 = Debug|Any CPU
		{4C25C7D0-3CA5-DD53-1EEB-00C81FA25699}.Release|Any CPU.ActiveCfg = Release|Any CPU
		{4C25C7D0-3CA5-DD53-1EEB-00C81FA25699}.Release|Any CPU.Build.0 = Release|Any CPU
	EndGlobalSection
	GlobalSection(SolutionProperties) = preSolution
		HideSolutionNode = FALSE
	EndGlobalSection
EndGlobal
